
Microsoft Visual Studio Solution File, Format Version 12.00
# Visual Studio 15
VisualStudioVersion = 15.0.26730.15
MinimumVisualStudioVersion = 10.0.40219.1
Project("{FAE04EC0-301F-11D3-BF4B-00C04F79EFBC}") = "SeparatedConcerns.RestApi", "SeparatedConcerns.RestApi\SeparatedConcerns.RestApi.csproj", "{1C5F4A38-B2E0-4462-A169-9E6BE511D1A7}"
EndProject
Project("{2150E333-8FDC-42A3-9474-1A3956D46DE8}") = "Data", "Data", "{11CBBAD0-731E-4E5E-B374-BEB7AC721194}"
EndProject
Project("{2150E333-8FDC-42A3-9474-1A3956D46DE8}") = "Logic", "Logic", "{30F3F4C0-BF72-44C3-BB76-1B7E2F86F99F}"
EndProject
Project("{2150E333-8FDC-42A3-9474-1A3956D46DE8}") = "Client", "Client", "{D5094FFF-15E1-4E2B-81C5-900A1BD58E76}"
EndProject
Project("{00D1A9C2-B5F0-4AF3-8072-F6C62B433612}") = "SeparatedConcerns.Database", "SeparatedConcerns.Database\SeparatedConcerns.Database.sqlproj", "{8A0849B2-BE02-47F8-BA10-80C67171A817}"
EndProject
Project("{FAE04EC0-301F-11D3-BF4B-00C04F79EFBC}") = "SeparatedConcerns.Logic", "SeparatedConcerns.Logic\SeparatedConcerns.Logic.csproj", "{090288B4-4428-4DDF-A0A2-D084EDC0886F}"
EndProject
Project("{2150E333-8FDC-42A3-9474-1A3956D46DE8}") = "Shared", "Shared", "{A94CB928-56F6-4C00-95A1-EF3576CB1B98}"
EndProject
Project("{FAE04EC0-301F-11D3-BF4B-00C04F79EFBC}") = "SeparatedConcerns.Shared", "SeparatedConcerns.Shared\SeparatedConcerns.Shared.csproj", "{0C849C8A-7781-4660-A66E-996D5EA90EC9}"
EndProject
Project("{FAE04EC0-301F-11D3-BF4B-00C04F79EFBC}") = "SeparatedConcerns.Repository", "SeparatedConcerns.Repository\SeparatedConcerns.Repository.csproj", "{E1E1E3DA-E936-49E7-8DD9-843AC3CECF22}"
EndProject
Project("{FAE04EC0-301F-11D3-BF4B-00C04F79EFBC}") = "SeparatedConcerns.WebClient", "SeparatedConcerns.WebClient\SeparatedConcerns.WebClient.csproj", "{6961E53D-5FEE-4E0E-AC00-7C5725EE90A0}"
EndProject
Global
	GlobalSection(SolutionConfigurationPlatforms) = preSolution
		Debug|Any CPU = Debug|Any CPU
		Release|Any CPU = Release|Any CPU
	EndGlobalSection
	GlobalSection(ProjectConfigurationPlatforms) = postSolution
		{1C5F4A38-B2E0-4462-A169-9E6BE511D1A7}.Debug|Any CPU.ActiveCfg = Debug|Any CPU
		{1C5F4A38-B2E0-4462-A169-9E6BE511D1A7}.Debug|Any CPU.Build.0 = Debug|Any CPU
		{1C5F4A38-B2E0-4462-A169-9E6BE511D1A7}.Release|Any CPU.ActiveCfg = Release|Any CPU
		{1C5F4A38-B2E0-4462-A169-9E6BE511D1A7}.Release|Any CPU.Build.0 = Release|Any CPU
		{8A0849B2-BE02-47F8-BA10-80C67171A817}.Debug|Any CPU.ActiveCfg = Debug|Any CPU
		{8A0849B2-BE02-47F8-BA10-80C67171A817}.Debug|Any CPU.Build.0 = Debug|Any CPU
		{8A0849B2-BE02-47F8-BA10-80C67171A817}.Debug|Any CPU.Deploy.0 = Debug|Any CPU
		{8A0849B2-BE02-47F8-BA10-80C67171A817}.Release|Any CPU.ActiveCfg = Release|Any CPU
		{8A0849B2-BE02-47F8-BA10-80C67171A817}.Release|Any CPU.Build.0 = Release|Any CPU
		{8A0849B2-BE02-47F8-BA10-80C67171A817}.Release|Any CPU.Deploy.0 = Release|Any CPU
		{090288B4-4428-4DDF-A0A2-D084EDC0886F}.Debug|Any CPU.ActiveCfg = Debug|Any CPU
		{090288B4-4428-4DDF-A0A2-D084EDC0886F}.Debug|Any CPU.Build.0 = Debug|Any CPU
		{090288B4-4428-4DDF-A0A2-D084EDC0886F}.Release|Any CPU.ActiveCfg = Release|Any CPU
		{090288B4-4428-4DDF-A0A2-D084EDC0886F}.Release|Any CPU.Build.0 = Release|Any CPU
		{0C849C8A-7781-4660-A66E-996D5EA90EC9}.Debug|Any CPU.ActiveCfg = Debug|Any CPU
		{0C849C8A-7781-4660-A66E-996D5EA90EC9}.Debug|Any CPU.Build.0 = Debug|Any CPU
		{0C849C8A-7781-4660-A66E-996D5EA90EC9}.Release|Any CPU.ActiveCfg = Release|Any CPU
		{0C849C8A-7781-4660-A66E-996D5EA90EC9}.Release|Any CPU.Build.0 = Release|Any CPU
		{E1E1E3DA-E936-49E7-8DD9-843AC3CECF22}.Debug|Any CPU.ActiveCfg = Debug|Any CPU
		{E1E1E3DA-E936-49E7-8DD9-843AC3CECF22}.Debug|Any CPU.Build.0 = Debug|Any CPU
		{E1E1E3DA-E936-49E7-8DD9-843AC3CECF22}.Release|Any CPU.ActiveCfg = Release|Any CPU
		{E1E1E3DA-E936-49E7-8DD9-843AC3CECF22}.Release|Any CPU.Build.0 = Release|Any CPU
		{6961E53D-5FEE-4E0E-AC00-7C5725EE90A0}.Debug|Any CPU.ActiveCfg = Debug|Any CPU
		{6961E53D-5FEE-4E0E-AC00-7C5725EE90A0}.Debug|Any CPU.Build.0 = Debug|Any CPU
		{6961E53D-5FEE-4E0E-AC00-7C5725EE90A0}.Release|Any CPU.ActiveCfg = Release|Any CPU
		{6961E53D-5FEE-4E0E-AC00-7C5725EE90A0}.Release|Any CPU.Build.0 = Release|Any CPU
	EndGlobalSection
	GlobalSection(SolutionProperties) = preSolution
		HideSolutionNode = FALSE
	EndGlobalSection
	GlobalSection(NestedProjects) = preSolution
		{1C5F4A38-B2E0-4462-A169-9E6BE511D1A7} = {D5094FFF-15E1-4E2B-81C5-900A1BD58E76}
		{8A0849B2-BE02-47F8-BA10-80C67171A817} = {11CBBAD0-731E-4E5E-B374-BEB7AC721194}
		{090288B4-4428-4DDF-A0A2-D084EDC0886F} = {30F3F4C0-BF72-44C3-BB76-1B7E2F86F99F}
		{0C849C8A-7781-4660-A66E-996D5EA90EC9} = {A94CB928-56F6-4C00-95A1-EF3576CB1B98}
		{E1E1E3DA-E936-49E7-8DD9-843AC3CECF22} = {11CBBAD0-731E-4E5E-B374-BEB7AC721194}
		{6961E53D-5FEE-4E0E-AC00-7C5725EE90A0} = {D5094FFF-15E1-4E2B-81C5-900A1BD58E76}
	EndGlobalSection
	GlobalSection(ExtensibilityGlobals) = postSolution
		SolutionGuid = {7ED271E7-1062-4351-BDF2-A1E3EC091372}
	EndGlobalSection
EndGlobal
